hash: 5f755669c1553972b4cc056ee393d2d3b9a208809053e2154028136098088c00
updated: 2017-11-07T14:09:37.980947485Z
imports:
- name: github.com/clbanning/x2j
  version: 70c25f62ac605396c6f3e14f2113fd709c79af28
- name: github.com/gorilla/context
  version: 08b5f424b9271eedf6f9f0ce86cb9396ed337a42
- name: github.com/gorilla/mux
  version: 7f08801859139f86dfafd1c296e2cba9a80d292e
- name: github.com/gorilla/websocket
  version: ea4d1f681babbce9545c9c5f3d5194a789c89f5b
- name: github.com/sirupsen/logrus
  version: f006c2ac4710855cf0f916dd6b77acf6b048dc6e
- name: github.com/stretchr/codecs
  version: 04a5b1e1910de7aaf00e1d4419d2508247fba1b4
  subpackages:
  - bson
  - constants
  - csv
  - json
  - jsonp
  - msgpack
  - services
  - xml
- name: github.com/stretchr/gomniauth
  version: 4b6c822be2eb64551618722ff80cecde4d63d9be
  subpackages:
  - common
  - oauth2
  - providers/google
- name: github.com/stretchr/objx
  version: cbeaeb16a013161a98496fad62933b1d21786672
- name: github.com/stretchr/signature
  version: 168b2a1e1b562bf381d47471e31f5979a2a51cd5
- name: github.com/stretchr/stew
  version: 80ef0842b48b329a6120607c817a85aff5a2ec71
  subpackages:
  - strings
- name: github.com/stretchr/testify
  version: 69483b4bd14f5845b5a1e55bca19e954e827f1d0
  subpackages:
  - assert
- name: github.com/stretchr/tracer
  version: 66d3696bba973e1697f7d68413b3f19c6d6e2a7c
- name: github.com/ugorji/go
  version: f96c3ef8537241b4d508df6db3e0337d3130e50b
  subpackages:
  - codec
- name: golang.org/x/crypto
  version: bd6f299fb381e4c3393d1c4b1f0b94f5e77650c8
  subpackages:
  - ssh/terminal
- name: golang.org/x/sys
  version: 8eb05f94d449fdf134ec24630ce69ada5b469c1c
  subpackages:
  - unix
  - windows
- name: gopkg.in/mgo.v2
  version: 3f83fa5005286a7fe593b055f0d7771a7dce4655
  subpackages:
  - bson
  - internal/json
testImports:
- name: github.com/davecgh/go-spew
  version: 6d212800a42e8ab5c146b8ace3490ee17e5225f9
  subpackages:
  - spew
- name: github.com/pmezard/go-difflib
  version: d8ed2627bdf02c080bf22230dbb337003b7aba2d
  subpackages:
  - difflib
